
Microsoft Visual Studio Solution File, Format Version 12.00
# Visual Studio Version 16
VisualStudioVersion = 16.0.809.6
MinimumVisualStudioVersion = 10.0.40219.1
Project("{FAE04EC0-301F-11D3-BF4B-00C04F79EFBC}") = "MarkLifeSim", "MarkLifeSim\MarkLifeSim.csproj", "{5BA4356A-EFC6-4DA0-A22F-1013015CFC1F}"
EndProject
Global
	GlobalSection(SolutionConfigurationPlatforms) = preSolution
		Debug|Any CPU = Debug|Any CPU
		Release|Any CPU = Release|Any CPU
	EndGlobalSection
	GlobalSection(ProjectConfigurationPlatforms) = postSolution
		{5BA4356A-EFC6-4DA0-A22F-1013015CFC1F}.Debug|Any CPU.ActiveCfg = Debug|Any CPU
		{5BA4356A-EFC6-4DA0-A22F-1013015CFC1F}.Debug|Any CPU.Build.0 = Debug|Any CPU
		{5BA4356A-EFC6-4DA0-A22F-1013015CFC1F}.Release|Any CPU.ActiveCfg = Release|Any CPU
		{5BA4356A-EFC6-4DA0-A22F-1013015CFC1F}.Release|Any CPU.Build.0 = Release|Any CPU
	EndGlobalSection
	GlobalSection(SolutionProperties) = preSolution
		HideSolutionNode = FALSE
	EndGlobalSection
	GlobalSection(ExtensibilityGlobals) = postSolution
		SolutionGuid = {611126A0-BA94-4527-ADBE-3061A90C999E}
	EndGlobalSection
EndGlobal
